// !$*UTF8*$!
{
	archiveVersion = 1;
	classes = {
	};
	objectVersion = 50;
	objects = {

/* Begin PBXBuildFile section */
		C79AA48425569AE200BE2CFC /* AppDelegate.swift in Sources */ = {isa = PBXBuildFile; fileRef = C79AA48325569AE200BE2CFC /* AppDelegate.swift */; };
		C79AA48625569AE200BE2CFC /* art.scnassets in Resources */ = {isa = PBXBuildFile; fileRef = C79AA48525569AE200BE2CFC /* art.scnassets */; };
		C79AA48825569AE200BE2CFC /* ViewController.swift in Sources */ = {isa = PBXBuildFile; fileRef = C79AA48725569AE200BE2CFC /* ViewController.swift */; };
		C79AA48B25569AE200BE2CFC /* Main.storyboard in Resources */ = {isa = PBXBuildFile; fileRef = C79AA48925569AE200BE2CFC /* Main.storyboard */; };
		C79AA48D25569AE800BE2CFC /* Assets.xcassets in Resources */ = {isa = PBXBuildFile; fileRef = C79AA48C25569AE800BE2CFC /* Assets.xcassets */; };
		C79AA49025569AE800BE2CFC /* LaunchScreen.storyboard in Resources */ = {isa = PBXBuildFile; fileRef = C79AA48E25569AE800BE2CFC /* LaunchScreen.storyboard */; };
/* End PBXBuildFile section */

/* Begin PBXFileReference section */
		C79AA48025569AE200BE2CFC /* Hello AR World.app */ = {isa = PBXFileReference; explicitFileType = wrapper.application; includeInIndex = 0; path = "Hello AR World.app"; sourceTree = BUILT_PRODUCTS_DIR; };
		C79AA48325569AE200BE2CFC /* AppDelegate.swift */ = {isa = PBXFileReference; lastKnownFileType = sourcecode.swift; path = AppDelegate.swift; sourceTree = "<group>"; };
		C79AA48525569AE200BE2CFC /* art.scnassets */ = {isa = PBXFileReference; lastKnownFileType = wrapper.scnassets; path = art.scnassets; sourceTree = "<group>"; };
		C79AA48725569AE200BE2CFC /* ViewController.swift */ = {isa = PBXFileReference; lastKnownFileType = sourcecode.swift; path = ViewController.swift; sourceTree = "<group>"; };
		C79AA48A25569AE200BE2CFC /* Base */ = {isa = PBXFileReference; lastKnownFileType = file.storyboard; name = Base; path = Base.lproj/Main.storyboard; sourceTree = "<group>"; };
		C79AA48C25569AE800BE2CFC /* Assets.xcassets */ = {isa = PBXFileReference; lastKnownFileType = folder.assetcatalog; path = Assets.xcassets; sourceTree = "<group>"; };
		C79AA48F25569AE800BE2CFC /* Base */ = {isa = PBXFileReference; lastKnownFileType = file.storyboard; name = Base; path = Base.lproj/LaunchScreen.storyboard; sourceTree = "<group>"; };
		C79AA49125569AE800BE2CFC /* Info.plist */ = {isa = PBXFileReference; lastKnownFileType = text.plist.xml; path = Info.plist; sourceTree = "<group>"; };
/* End PBXFileReference section */

/* Begin PBXFrameworksBuildPhase section */
		C79AA47D25569AE200BE2CFC /* Frameworks */ = {
			isa = PBXFrameworksBuildPhase;
			buildActionMask = 2147483647;
			files = (
			);
			runOnlyForDeploymentPostprocessing = 0;
		};
/* End PBXFrameworksBuildPhase section */

/* Begin PBXGroup section */
		C79AA47725569AE200BE2CFC = {
			isa = PBXGroup;
			children = (
				C79AA48225569AE200BE2CFC /* Hello AR World */,
				C79AA48125569AE200BE2CFC /* Products */,
			);
			sourceTree = "<group>";
		};
		C79AA48125569AE200BE2CFC /* Products */ = {
			isa = PBXGroup;
			children = (
				C79AA48025569AE200BE2CFC /* Hello AR World.app */,
			);
			name = Products;
			sourceTree = "<group>";
		};
		C79AA48225569AE200BE2CFC /* Hello AR World */ = {
			isa = PBXGroup;
			children = (
				C79AA48325569AE200BE2CFC /* AppDelegate.swift */,
				C79AA48525569AE200BE2CFC /* art.scnassets */,
				C79AA48725569AE200BE2CFC /* ViewController.swift */,
				C79AA48925569AE200BE2CFC /* Main.storyboard */,
				C79AA48C25569AE800BE2CFC /* Assets.xcassets */,
				C79AA48E25569AE800BE2CFC /* LaunchScreen.storyboard */,
				C79AA49125569AE800BE2CFC /* Info.plist */,
			);
			path = "Hello AR World";
			sourceTree = "<group>";
		};
/* End PBXGroup section */

/* Begin PBXNativeTarget section */
		C79AA47F25569AE200BE2CFC /* Hello AR World */ = {
			isa = PBXNativeTarget;
			buildConfigurationList = C79AA49425569AE800BE2CFC /* Build configuration list for PBXNativeTarget "Hello AR World" */;
			buildPhases = (
				C79AA47C25569AE200BE2CFC /* Sources */,
				C79AA47D25569AE200BE2CFC /* Frameworks */,
				C79AA47E25569AE200BE2CFC /* Resources */,
			);
			buildRules = (
			);
			dependencies = (
			);
			name = "Hello AR World";
			productName = "Hello AR World";
			productReference = C79AA48025569AE200BE2CFC /* Hello AR World.app */;
			productType = "com.apple.product-type.application";
		};
/* End PBXNativeTarget section */

/* Begin PBXProject section */
		C79AA47825569AE200BE2CFC /* Project object */ = {
			isa = PBXProject;
			attributes = {
				LastSwiftUpdateCheck = 1210;
				LastUpgradeCheck = 1210;
				TargetAttributes = {
					C79AA47F25569AE200BE2CFC = {
						CreatedOnToolsVersion = 12.1;
					};
				};
			};
			buildConfigurationList = C79AA47B25569AE200BE2CFC /* Build configuration list for PBXProject "Hello AR World" */;
			compatibilityVersion = "Xcode 9.3";
			developmentRegion = en;
			hasScannedForEncodings = 0;
			knownRegions = (
				en,
				Base,
			);
			mainGroup = C79AA47725569AE200BE2CFC;
			productRefGroup = C79AA48125569AE200BE2CFC /* Products */;
			projectDirPath = "";
			projectRoot = "";
			targets = (
				C79AA47F25569AE200BE2CFC /* Hello AR World */,
			);
		};
/* End PBXProject section */

/* Begin PBXResourcesBuildPhase section */
		C79AA47E25569AE200BE2CFC /* Resources */ = {
			isa = PBXResourcesBuildPhase;
			buildActionMask = 2147483647;
			files = (
				C79AA48625569AE200BE2CFC /* art.scnassets in Resources */,
				C79AA49025569AE800BE2CFC /* LaunchScreen.storyboard in Resources */,
				C79AA48D25569AE800BE2CFC /* Assets.xcassets in Resources */,
				C79AA48B25569AE200BE2CFC /* Main.storyboard in Resources */,
			);
			runOnlyForDeploymentPostprocessing = 0;
		};
/* End PBXResourcesBuildPhase section */

/* Begin PBXSourcesBuildPhase section */
		C79AA47C25569AE200BE2CFC /* Sources */ = {
			isa = PBXSourcesBuildPhase;
			buildActionMask = 2147483647;
			files = (
				C79AA48825569AE200BE2CFC /* ViewController.swift in Sources */,
				C79AA48425569AE200BE2CFC /* AppDelegate.swift in Sources */,
			);
			runOnlyForDeploymentPostprocessing = 0;
		};
/* End PBXSourcesBuildPhase section */

/* Begin PBXVariantGroup section */
		C79AA48925569AE200BE2CFC /* Main.storyboard */ = {
			isa = PBXVariantGroup;
			children = (
				C79AA48A25569AE200BE2CFC /* Base */,
			);
			name = Main.storyboard;
			sourceTree = "<group>";
		};
		C79AA48E25569AE800BE2CFC /* LaunchScreen.storyboard */ = {
			isa = PBXVariantGroup;
			children = (
				C79AA48F25569AE800BE2CFC /* Base */,
			);
			name = LaunchScreen.storyboard;
			sourceTree = "<group>";
		};
/* End PBXVariantGroup section */

/* Begin XCBuildConfiguration section */
		C79AA49225569AE800BE2CFC /* Debug */ = {
			isa = XCBuildConfiguration;
			buildSettings = {
				ALWAYS_SEARCH_USER_PATHS = NO;
				CLANG_ANALYZER_NONNULL = YES;
				CLANG_ANALYZER_NUMBER_OBJECT_CONVERSION = YES_AGGRESSIVE;
				CLANG_CXX_LANGUAGE_STANDARD = "gnu++14";
				CLANG_CXX_LIBRARY = "libc++";
				CLANG_ENABLE_MODULES = YES;
				CLANG_ENABLE_OBJC_ARC = YES;
				CLANG_ENABLE_OBJC_WEAK = YES;
				CLANG_WARN_BLOCK_CAPTURE_AUTORELEASING = YES;
				CLANG_WARN_BOOL_CONVERSION = YES;
				CLANG_WARN_COMMA = YES;
				CLANG_WARN_CONSTANT_CONVERSION = YES;
				CLANG_WARN_DEPRECATED_OBJC_IMPLEMENTATIONS = YES;
				CLANG_WARN_DIRECT_OBJC_ISA_USAGE = YES_ERROR;
				CLANG_WARN_DOCUMENTATION_COMMENTS = YES;
				CLANG_WARN_EMPTY_BODY = YES;
				CLANG_WARN_ENUM_CONVERSION = YES;
				CLANG_WARN_INFINITE_RECURSION = YES;
				CLANG_WARN_INT_CONVERSION = YES;
				CLANG_WARN_NON_LITERAL_NULL_CONVERSION = YES;
				CLANG_WARN_OBJC_IMPLICIT_RETAIN_SELF = YES;
				CLANG_WARN_OBJC_LITERAL_CONVERSION = YES;
				CLANG_WARN_OBJC_ROOT_CLASS = YES_ERROR;
				CLANG_WARN_QUOTED_INCLUDE_IN_FRAMEWORK_HEADER = YES;
				CLANG_WARN_RANGE_LOOP_ANALYSIS = YES;
				CLANG_WARN_STRICT_PROTOTYPES = YES;
				CLANG_WARN_SUSPICIOUS_MOVE = YES;
				CLANG_WARN_UNGUARDED_AVAILABILITY = YES_AGGRESSIVE;
				CLANG_WARN_UNREACHABLE_CODE = YES;
				CLANG_WARN__DUPLICATE_METHOD_MATCH = YES;
				COPY_PHASE_STRIP = NO;
				DEBUG_INFORMATION_FORMAT = dwarf;
				ENABLE_STRICT_OBJC_MSGSEND = YES;
				ENABLE_TESTABILITY = YES;
				GCC_C_LANGUAGE_STANDARD = gnu11;
				GCC_DYNAMIC_NO_PIC = NO;
				GCC_NO_COMMON_BLOCKS = YES;
				GCC_OPTIMIZATION_LEVEL = 0;
				GCC_PREPROCESSOR_DEFINITIONS = (
					"DEBUG=1",
					"$(inherited)",
				);
				GCC_WARN_64_TO_32_BIT_CONVERSION = YES;
				GCC_WARN_ABOUT_RETURN_TYPE = YES_ERROR;
				GCC_WARN_UNDECLARED_SELECTOR = YES;
				GCC_WARN_UNINITIALIZED_AUTOS = YES_AGGRESSIVE;
				GCC_WARN_UNUSED_FUNCTION = YES;
				GCC_WARN_UNUSED_VARIABLE = YES;
				IPHONEOS_DEPLOYMENT_TARGET = 14.1;
				MTL_ENABLE_DEBUG_INFO = INCLUDE_SOURCE;
				MTL_FAST_MATH = YES;
				ONLY_ACTIVE_ARCH = YES;
				SDKROOT = iphoneos;
				SWIFT_ACTIVE_COMPILATION_CONDITIONS = DEBUG;
				SWIFT_OPTIMIZATION_LEVEL = "-Onone";
			};
			name = Debug;
		};
		C79AA49325569AE800BE2CFC /* Release */ = {
			isa = XCBuildConfiguration;
			buildSettings = {
				ALWAYS_SEARCH_USER_PATHS = NO;
				CLANG_ANALYZER_NONNULL = YES;
				CLANG_ANALYZER_NUMBER_OBJECT_CONVERSION = YES_AGGRESSIVE;
				CLANG_CXX_LANGUAGE_STANDARD = "gnu++14";
				CLANG_CXX_LIBRARY = "libc++";
				CLANG_ENABLE_MODULES = YES;
				CLANG_ENABLE_OBJC_ARC = YES;
				CLANG_ENABLE_OBJC_WEAK = YES;
				CLANG_WARN_BLOCK_CAPTURE_AUTORELEASING = YES;
				CLANG_WARN_BOOL_CONVERSION = YES;
				CLANG_WARN_COMMA = YES;
				CLANG_WARN_CONSTANT_CONVERSION = YES;
				CLANG_WARN_DEPRECATED_OBJC_IMPLEMENTATIONS = YES;
				CLANG_WARN_DIRECT_OBJC_ISA_USAGE = YES_ERROR;
				CLANG_WARN_DOCUMENTATION_COMMENTS = YES;
				CLANG_WARN_EMPTY_BODY = YES;
				CLANG_WARN_ENUM_CONVERSION = YES;
				CLANG_WARN_INFINITE_RECURSION = YES;
				CLANG_WARN_INT_CONVERSION = YES;
				CLANG_WARN_NON_LITERAL_NULL_CONVERSION = YES;
				CLANG_WARN_OBJC_IMPLICIT_RETAIN_SELF = YES;
				CLANG_WARN_OBJC_LITERAL_CONVERSION = YES;
				CLANG_WARN_OBJC_ROOT_CLASS = YES_ERROR;
				CLANG_WARN_QUOTED_INCLUDE_IN_FRAMEWORK_HEADER = YES;
				CLANG_WARN_RANGE_LOOP_ANALYSIS = YES;
				CLANG_WARN_STRICT_PROTOTYPES = YES;
				CLANG_WARN_SUSPICIOUS_MOVE = YES;
				CLANG_WARN_UNGUARDED_AVAILABILITY = YES_AGGRESSIVE;
				CLANG_WARN_UNREACHABLE_CODE = YES;
				CLANG_WARN__DUPLICATE_METHOD_MATCH = YES;
				COPY_PHASE_STRIP = NO;
				DEBUG_INFORMATION_FORMAT = "dwarf-with-dsym";
				ENABLE_NS_ASSERTIONS = NO;
				ENABLE_STRICT_OBJC_MSGSEND = YES;
				GCC_C_LANGUAGE_STANDARD = gnu11;
				GCC_NO_COMMON_BLOCKS = YES;
				GCC_WARN_64_TO_32_BIT_CONVERSION = YES;
				GCC_WARN_ABOUT_RETURN_TYPE = YES_ERROR;
				GCC_WARN_UNDECLARED_SELECTOR = YES;
				GCC_WARN_UNINITIALIZED_AUTOS = YES_AGGRESSIVE;
				GCC_WARN_UNUSED_FUNCTION = YES;
				GCC_WARN_UNUSED_VARIABLE = YES;
				IPHONEOS_DEPLOYMENT_TARGET = 14.1;
				MTL_ENABLE_DEBUG_INFO = NO;
				MTL_FAST_MATH = YES;
				SDKROOT = iphoneos;
				SWIFT_COMPILATION_MODE = wholemodule;
				SWIFT_OPTIMIZATION_LEVEL = "-O";
				VALIDATE_PRODUCT = YES;
			};
			name = Release;
		};
		C79AA49525569AE800BE2CFC /* Debug */ = {
			isa = XCBuildConfiguration;
			buildSettings = {
				ASSETCATALOG_COMPILER_APPICON_NAME = AppIcon;
				ASSETCATALOG_COMPILER_GLOBAL_ACCENT_COLOR_NAME = AccentColor;
				CODE_SIGN_STYLE = Automatic;
				DEVELOPMENT_TEAM = 855KLZCK42;
				INFOPLIST_FILE = "Hello AR World/Info.plist";
				LD_RUNPATH_SEARCH_PATHS = (
					"$(inherited)",
					"@executable_path/Frameworks",
				);
				PRODUCT_BUNDLE_IDENTIFIER = "com.myname.Hello-AR-World";
				PRODUCT_NAME = "$(TARGET_NAME)";
				SWIFT_VERSION = 5.0;
				TARGETED_DEVICE_FAMILY = "1,2";
			};
			name = Debug;
		};
		C79AA49625569AE800BE2CFC /* Release */ = {
			isa = XCBuildConfiguration;
			buildSettings = {
				ASSETCATALOG_COMPILER_APPICON_NAME = AppIcon;
				ASSETCATALOG_COMPILER_GLOBAL_ACCENT_COLOR_NAME = AccentColor;
				CODE_SIGN_STYLE = Automatic;
				DEVELOPMENT_TEAM = 855KLZCK42;
				INFOPLIST_FILE = "Hello AR World/Info.plist";
				LD_RUNPATH_SEARCH_PATHS = (
					"$(inherited)",
					"@executable_path/Frameworks",
				);
				PRODUCT_BUNDLE_IDENTIFIER = "com.myname.Hello-AR-World";
				PRODUCT_NAME = "$(TARGET_NAME)";
				SWIFT_VERSION = 5.0;
				TARGETED_DEVICE_FAMILY = "1,2";
			};
			name = Release;
		};
/* End XCBuildConfiguration section */

/* Begin XCConfigurationList section */
		C79AA47B25569AE200BE2CFC /* Build configuration list for PBXProject "Hello AR World" */ = {
			isa = XCConfigurationList;
			buildConfigurations = (
				C79AA49225569AE800BE2CFC /* Debug */,
				C79AA49325569AE800BE2CFC /* Release */,
			);
			defaultConfigurationIsVisible = 0;
			defaultConfigurationName = Release;
		};
		C79AA49425569AE800BE2CFC /* Build configuration list for PBXNativeTarget "Hello AR World" */ = {
			isa = XCConfigurationList;
			buildConfigurations = (
				C79AA49525569AE800BE2CFC /* Debug */,
				C79AA49625569AE800BE2CFC /* Release */,
			);
			defaultConfigurationIsVisible = 0;
			defaultConfigurationName = Release;
		};
/* End XCConfigurationList section */
	};
	rootObject = C79AA47825569AE200BE2CFC /* Project object */;
}
